// !$*UTF8*$!
{
	archiveVersion = 1;
	classes = {
	};
	objectVersion = 55;
	objects = {

/* Begin PBXBuildFile section */
		7005EAC029C47F770034A6E7 /* UploadPostController.swift in Sources */ = {isa = PBXBuildFile; fileRef = 7005EABF29C47F770034A6E7 /* UploadPostController.swift */; };
		7005EAC229C482AC0034A6E7 /* InputTextView.swift in Sources */ = {isa = PBXBuildFile; fileRef = 7005EAC129C482AC0034A6E7 /* InputTextView.swift */; };
		7005EAC429C4B6130034A6E7 /* PostService.swift in Sources */ = {isa = PBXBuildFile; fileRef = 7005EAC329C4B6130034A6E7 /* PostService.swift */; };
		7042BB1429C3851B00C1BAA3 /* UserCell.swift in Sources */ = {isa = PBXBuildFile; fileRef = 7042BB1329C3851B00C1BAA3 /* UserCell.swift */; };
		7042BB1629C3918800C1BAA3 /* UserCellViewModel.swift in Sources */ = {isa = PBXBuildFile; fileRef = 7042BB1529C3918800C1BAA3 /* UserCellViewModel.swift */; };
		704F2DBB29C0758700DD2003 /* GoogleService-Info.plist in Resources */ = {isa = PBXBuildFile; fileRef = 704F2DBA29C0758700DD2003 /* GoogleService-Info.plist */; };
		704F2DBD29C07EB800DD2003 /* ImageUploader.swift in Sources */ = {isa = PBXBuildFile; fileRef = 704F2DBC29C07EB800DD2003 /* ImageUploader.swift */; };
		704F2DBF29C07ECD00DD2003 /* AuthService.swift in Sources */ = {isa = PBXBuildFile; fileRef = 704F2DBE29C07ECD00DD2003 /* AuthService.swift */; };
		704F2DC129C0EA5500DD2003 /* ProfileCell.swift in Sources */ = {isa = PBXBuildFile; fileRef = 704F2DC029C0EA5500DD2003 /* ProfileCell.swift */; };
		704F2DC329C0EA6600DD2003 /* ProfileHeader.swift in Sources */ = {isa = PBXBuildFile; fileRef = 704F2DC229C0EA6600DD2003 /* ProfileHeader.swift */; };
		704F2F0A29C1CA2F00DD2003 /* FirebaseFirestore.xcframework in Frameworks */ = {isa = PBXBuildFile; fileRef = 704F2EEF29C1CA2A00DD2003 /* FirebaseFirestore.xcframework */; };
		704F2F0B29C1CA2F00DD2003 /* leveldb-library.xcframework in Frameworks */ = {isa = PBXBuildFile; fileRef = 704F2EF029C1CA2B00DD2003 /* leveldb-library.xcframework */; };
		704F2F0C29C1CA2F00DD2003 /* GTMSessionFetcher.xcframework in Frameworks */ = {isa = PBXBuildFile; fileRef = 704F2EF129C1CA2B00DD2003 /* GTMSessionFetcher.xcframework */; };
		704F2F0D29C1CA2F00DD2003 /* GoogleAppMeasurementIdentitySupport.xcframework in Frameworks */ = {isa = PBXBuildFile; fileRef = 704F2EF229C1CA2B00DD2003 /* GoogleAppMeasurementIdentitySupport.xcframework */; };
		704F2F0E29C1CA2F00DD2003 /* gRPC-Core.xcframework in Frameworks */ = {isa = PBXBuildFile; fileRef = 704F2EF329C1CA2B00DD2003 /* gRPC-Core.xcframework */; };
		704F2F0F29C1CA2F00DD2003 /* FirebaseFirestoreSwift.xcframework in Frameworks */ = {isa = PBXBuildFile; fileRef = 704F2EF429C1CA2B00DD2003 /* FirebaseFirestoreSwift.xcframework */; };
		704F2F1029C1CA2F00DD2003 /* GoogleAppMeasurement.xcframework in Frameworks */ = {isa = PBXBuildFile; fileRef = 704F2EF529C1CA2B00DD2003 /* GoogleAppMeasurement.xcframework */; };
		704F2F1129C1CA2F00DD2003 /* gRPC-C++.xcframework in Frameworks */ = {isa = PBXBuildFile; fileRef = 704F2EF629C1CA2C00DD2003 /* gRPC-C++.xcframework */; };
		704F2F1229C1CA2F00DD2003 /* FirebaseAuth.xcframework in Frameworks */ = {isa = PBXBuildFile; fileRef = 704F2EF729C1CA2C00DD2003 /* FirebaseAuth.xcframework */; };
		704F2F1329C1CA2F00DD2003 /* FirebaseCoreInternal.xcframework in Frameworks */ = {isa = PBXBuildFile; fileRef = 704F2EF829C1CA2C00DD2003 /* FirebaseCoreInternal.xcframework */; };
		704F2F1429C1CA3000DD2003 /* FirebaseDatabaseSwift.xcframework in Frameworks */ = {isa = PBXBuildFile; fileRef = 704F2EF929C1CA2C00DD2003 /* FirebaseDatabaseSwift.xcframework */; };
		704F2F1529C1CA3000DD2003 /* FirebaseInstallations.xcframework in Frameworks */ = {isa = PBXBuildFile; fileRef = 704F2EFA29C1CA2C00DD2003 /* FirebaseInstallations.xcframework */; };
		704F2F1629C1CA3000DD2003 /* FirebaseAuthInterop.xcframework in Frameworks */ = {isa = PBXBuildFile; fileRef = 704F2EFB29C1CA2C00DD2003 /* FirebaseAuthInterop.xcframework */; };
		704F2F1729C1CA3000DD2003 /* GoogleUtilities.xcframework in Frameworks */ = {isa = PBXBuildFile; fileRef = 704F2EFC29C1CA2D00DD2003 /* GoogleUtilities.xcframework */; };
		704F2F1829C1CA3100DD2003 /* abseil.xcframework in Frameworks */ = {isa = PBXBuildFile; fileRef = 704F2EFD29C1CA2D00DD2003 /* abseil.xcframework */; };
		704F2F1929C1CA3100DD2003 /* FBLPromises.xcframework in Frameworks */ = {isa = PBXBuildFile; fileRef = 704F2EFE29C1CA2D00DD2003 /* FBLPromises.xcframework */; };
		704F2F1A29C1CA3100DD2003 /* FirebaseAppCheckInterop.xcframework in Frameworks */ = {isa = PBXBuildFile; fileRef = 704F2EFF29C1CA2D00DD2003 /* FirebaseAppCheckInterop.xcframework */; };
		704F2F1B29C1CA3200DD2003 /* FirebaseAnalyticsSwift.xcframework in Frameworks */ = {isa = PBXBuildFile; fileRef = 704F2F0029C1CA2D00DD2003 /* FirebaseAnalyticsSwift.xcframework */; };
		704F2F1C29C1CA3200DD2003 /* FirebaseStorage.xcframework in Frameworks */ = {isa = PBXBuildFile; fileRef = 704F2F0129C1CA2D00DD2003 /* FirebaseStorage.xcframework */; };
		704F2F1D29C1CA3200DD2003 /* FirebaseSharedSwift.xcframework in Frameworks */ = {isa = PBXBuildFile; fileRef = 704F2F0229C1CA2D00DD2003 /* FirebaseSharedSwift.xcframework */; };
		704F2F1E29C1CA3300DD2003 /* FirebaseCoreExtension.xcframework in Frameworks */ = {isa = PBXBuildFile; fileRef = 704F2F0329C1CA2D00DD2003 /* FirebaseCoreExtension.xcframework */; };
		704F2F1F29C1CA3300DD2003 /* FirebaseCore.xcframework in Frameworks */ = {isa = PBXBuildFile; fileRef = 704F2F0429C1CA2E00DD2003 /* FirebaseCore.xcframework */; };
		704F2F2029C1CA3300DD2003 /* FirebaseAnalytics.xcframework in Frameworks */ = {isa = PBXBuildFile; fileRef = 704F2F0529C1CA2E00DD2003 /* FirebaseAnalytics.xcframework */; };
		704F2F2129C1CA3400DD2003 /* Libuv-gRPC.xcframework in Frameworks */ = {isa = PBXBuildFile; fileRef = 704F2F0629C1CA2E00DD2003 /* Libuv-gRPC.xcframework */; };
		704F2F2229C1CA3400DD2003 /* BoringSSL-GRPC.xcframework in Frameworks */ = {isa = PBXBuildFile; fileRef = 704F2F0729C1CA2E00DD2003 /* BoringSSL-GRPC.xcframework */; };
		704F2F2329C1CA3400DD2003 /* FirebaseDatabase.xcframework in Frameworks */ = {isa = PBXBuildFile; fileRef = 704F2F0829C1CA2E00DD2003 /* FirebaseDatabase.xcframework */; };
		704F2F2429C1CA3500DD2003 /* nanopb.xcframework in Frameworks */ = {isa = PBXBuildFile; fileRef = 704F2F0929C1CA2F00DD2003 /* nanopb.xcframework */; };
		704F2F2629C1CA7800DD2003 /* gRPCCertificates-Cpp.bundle in Resources */ = {isa = PBXBuildFile; fileRef = 704F2F2529C1CA7800DD2003 /* gRPCCertificates-Cpp.bundle */; };
		7054EF2029C34C4600F51EB5 /* UserService.swift in Sources */ = {isa = PBXBuildFile; fileRef = 7054EF1F29C34C4600F51EB5 /* UserService.swift */; };
		7054EF2229C34EAC00F51EB5 /* User.swift in Sources */ = {isa = PBXBuildFile; fileRef = 7054EF2129C34EAC00F51EB5 /* User.swift */; };
		705B3D0329BCB871005CFEC2 /* FeedCell.swift in Sources */ = {isa = PBXBuildFile; fileRef = 705B3D0229BCB871005CFEC2 /* FeedCell.swift */; };
		705B3D0529BCB9B4005CFEC2 /* Extensions.swift in Sources */ = {isa = PBXBuildFile; fileRef = 705B3D0429BCB9B4005CFEC2 /* Extensions.swift */; };
		705B3D0729BD064A005CFEC2 /* Constants.swift in Sources */ = {isa = PBXBuildFile; fileRef = 705B3D0629BD064A005CFEC2 /* Constants.swift */; };
		705B3D0E29BF0105005CFEC2 /* LoginController.swift in Sources */ = {isa = PBXBuildFile; fileRef = 705B3D0D29BF0105005CFEC2 /* LoginController.swift */; };
		705B3D1029BF0112005CFEC2 /* RegistrationController.swift in Sources */ = {isa = PBXBuildFile; fileRef = 705B3D0F29BF0112005CFEC2 /* RegistrationController.swift */; };
		705B3D1429BF143B005CFEC2 /* CustomTextField.swift in Sources */ = {isa = PBXBuildFile; fileRef = 705B3D1329BF143B005CFEC2 /* CustomTextField.swift */; };
		705B3D1A29BF4776005CFEC2 /* AuthenticationViewModel.swift in Sources */ = {isa = PBXBuildFile; fileRef = 705B3D1929BF4776005CFEC2 /* AuthenticationViewModel.swift */; };
		705B3D2C29C0632F005CFEC2 /* SDWebImage in Frameworks */ = {isa = PBXBuildFile; productRef = 705B3D2B29C0632F005CFEC2 /* SDWebImage */; };
		705B3D2F29C063AA005CFEC2 /* ActiveLabel in Frameworks */ = {isa = PBXBuildFile; productRef = 705B3D2E29C063AA005CFEC2 /* ActiveLabel */; };
		705B3D3229C063EB005CFEC2 /* JGProgressHUD in Frameworks */ = {isa = PBXBuildFile; productRef = 705B3D3129C063EB005CFEC2 /* JGProgressHUD */; };
		705B3D3529C0656E005CFEC2 /* YPImagePicker in Frameworks */ = {isa = PBXBuildFile; productRef = 705B3D3429C0656E005CFEC2 /* YPImagePicker */; };
		70BB486E29B9F0E300D26BE3 /* AppDelegate.swift in Sources */ = {isa = PBXBuildFile; fileRef = 70BB486D29B9F0E300D26BE3 /* AppDelegate.swift */; };
		70BB487029B9F0E300D26BE3 /* SceneDelegate.swift in Sources */ = {isa = PBXBuildFile; fileRef = 70BB486F29B9F0E300D26BE3 /* SceneDelegate.swift */; };
		70BB487229B9F0E300D26BE3 /* ViewController.swift in Sources */ = {isa = PBXBuildFile; fileRef = 70BB487129B9F0E300D26BE3 /* ViewController.swift */; };
		70BB487529B9F0E300D26BE3 /* Main.storyboard in Resources */ = {isa = PBXBuildFile; fileRef = 70BB487329B9F0E300D26BE3 /* Main.storyboard */; };
		70BB487729B9F0E900D26BE3 /* Assets.xcassets in Resources */ = {isa = PBXBuildFile; fileRef = 70BB487629B9F0E900D26BE3 /* Assets.xcassets */; };
		70BB487A29B9F0E900D26BE3 /* LaunchScreen.storyboard in Resources */ = {isa = PBXBuildFile; fileRef = 70BB487829B9F0E900D26BE3 /* LaunchScreen.storyboard */; };
		70BB488829BB2F0E00D26BE3 /* MainTabController.swift in Sources */ = {isa = PBXBuildFile; fileRef = 70BB488729BB2F0E00D26BE3 /* MainTabController.swift */; };
		70BB488A29BB309E00D26BE3 /* FeedController.swift in Sources */ = {isa = PBXBuildFile; fileRef = 70BB488929BB309E00D26BE3 /* FeedController.swift */; };
		70BB488C29BB30A900D26BE3 /* SearchController.swift in Sources */ = {isa = PBXBuildFile; fileRef = 70BB488B29BB30A900D26BE3 /* SearchController.swift */; };
		70BB488E29BB30BB00D26BE3 /* ImageSelectorController.swift in Sources */ = {isa = PBXBuildFile; fileRef = 70BB488D29BB30BB00D26BE3 /* ImageSelectorController.swift */; };
		70BB489029BB30C900D26BE3 /* NotificationController.swift in Sources */ = {isa = PBXBuildFile; fileRef = 70BB488F29BB30C900D26BE3 /* NotificationController.swift */; };
		70BB489229BB30D700D26BE3 /* ProfileController.swift in Sources */ = {isa = PBXBuildFile; fileRef = 70BB489129BB30D700D26BE3 /* ProfileController.swift */; };
		70E3A54C29C352D8007D7302 /* ProfileHeaderViewModel.swift in Sources */ = {isa = PBXBuildFile; fileRef = 70E3A54B29C352D8007D7302 /* ProfileHeaderViewModel.swift */; };
/* End PBXBuildFile section */

/* Begin PBXFileReference section */
		7005EABF29C47F770034A6E7 /* UploadPostController.swift */ = {isa = PBXFileReference; lastKnownFileType = sourcecode.swift; path = UploadPostController.swift; sourceTree = "<group>"; };
		7005EAC129C482AC0034A6E7 /* InputTextView.swift */ = {isa = PBXFileReference; lastKnownFileType = sourcecode.swift; path = InputTextView.swift; sourceTree = "<group>"; };
		7005EAC329C4B6130034A6E7 /* PostService.swift */ = {isa = PBXFileReference; lastKnownFileType = sourcecode.swift; path = PostService.swift; sourceTree = "<group>"; };
		7042BB1329C3851B00C1BAA3 /* UserCell.swift */ = {isa = PBXFileReference; lastKnownFileType = sourcecode.swift; path = UserCell.swift; sourceTree = "<group>"; };
		7042BB1529C3918800C1BAA3 /* UserCellViewModel.swift */ = {isa = PBXFileReference; lastKnownFileType = sourcecode.swift; path = UserCellViewModel.swift; sourceTree = "<group>"; };
		704F2DBA29C0758700DD2003 /* GoogleService-Info.plist */ = {isa = PBXFileReference; fileEncoding = 4; lastKnownFileType = text.plist.xml; path = "GoogleService-Info.plist"; sourceTree = "<group>"; };
		704F2DBC29C07EB800DD2003 /* ImageUploader.swift */ = {isa = PBXFileReference; lastKnownFileType = sourcecode.swift; path = ImageUploader.swift; sourceTree = "<group>"; };
		704F2DBE29C07ECD00DD2003 /* AuthService.swift */ = {isa = PBXFileReference; lastKnownFileType = sourcecode.swift; path = AuthService.swift; sourceTree = "<group>"; };
		704F2DC029C0EA5500DD2003 /* ProfileCell.swift */ = {isa = PBXFileReference; lastKnownFileType = sourcecode.swift; path = ProfileCell.swift; sourceTree = "<group>"; };
		704F2DC229C0EA6600DD2003 /* ProfileHeader.swift */ = {isa = PBXFileReference; lastKnownFileType = sourcecode.swift; path = ProfileHeader.swift; sourceTree = "<group>"; };
		704F2E7729C1C34600DD2003 /* Firebase.h */ = {isa = PBXFileReference; fileEncoding = 4; lastKnownFileType = sourcecode.c.h; path = Firebase.h; sourceTree = "<group>"; };
		704F2E7829C1C34F00DD2003 /* module.modulemap */ = {isa = PBXFileReference; fileEncoding = 4; lastKnownFileType = "sourcecode.module-map"; path = module.modulemap; sourceTree = "<group>"; };
		704F2EEF29C1CA2A00DD2003 /* FirebaseFirestore.xcframework */ = {isa = PBXFileReference; lastKnownFileType = wrapper.xcframework; path = FirebaseFirestore.xcframework; sourceTree = "<group>"; };
		704F2EF029C1CA2B00DD2003 /* leveldb-library.xcframework */ = {isa = PBXFileReference; lastKnownFileType = wrapper.xcframework; path = "leveldb-library.xcframework"; sourceTree = "<group>"; };
		704F2EF129C1CA2B00DD2003 /* GTMSessionFetcher.xcframework */ = {isa = PBXFileReference; lastKnownFileType = wrapper.xcframework; path = GTMSessionFetcher.xcframework; sourceTree = "<group>"; };
		704F2EF229C1CA2B00DD2003 /* GoogleAppMeasurementIdentitySupport.xcframework */ = {isa = PBXFileReference; lastKnownFileType = wrapper.xcframework; path = GoogleAppMeasurementIdentitySupport.xcframework; sourceTree = "<group>"; };
		704F2EF329C1CA2B00DD2003 /* gRPC-Core.xcframework */ = {isa = PBXFileReference; lastKnownFileType = wrapper.xcframework; path = "gRPC-Core.xcframework"; sourceTree = "<group>"; };
		704F2EF429C1CA2B00DD2003 /* FirebaseFirestoreSwift.xcframework */ = {isa = PBXFileReference; lastKnownFileType = wrapper.xcframework; path = FirebaseFirestoreSwift.xcframework; sourceTree = "<group>"; };
		704F2EF529C1CA2B00DD2003 /* GoogleAppMeasurement.xcframework */ = {isa = PBXFileReference; lastKnownFileType = wrapper.xcframework; path = GoogleAppMeasurement.xcframework; sourceTree = "<group>"; };
		704F2EF629C1CA2C00DD2003 /* gRPC-C++.xcframework */ = {isa = PBXFileReference; lastKnownFileType = wrapper.xcframework; path = "gRPC-C++.xcframework"; sourceTree = "<group>"; };
		704F2EF729C1CA2C00DD2003 /* FirebaseAuth.xcframework */ = {isa = PBXFileReference; lastKnownFileType = wrapper.xcframework; path = FirebaseAuth.xcframework; sourceTree = "<group>"; };
		704F2EF829C1CA2C00DD2003 /* FirebaseCoreInternal.xcframework */ = {isa = PBXFileReference; lastKnownFileType = wrapper.xcframework; path = FirebaseCoreInternal.xcframework; sourceTree = "<group>"; };
		704F2EF929C1CA2C00DD2003 /* FirebaseDatabaseSwift.xcframework */ = {isa = PBXFileReference; lastKnownFileType = wrapper.xcframework; path = FirebaseDatabaseSwift.xcframework; sourceTree = "<group>"; };
		704F2EFA29C1CA2C00DD2003 /* FirebaseInstallations.xcframework */ = {isa = PBXFileReference; lastKnownFileType = wrapper.xcframework; path = FirebaseInstallations.xcframework; sourceTree = "<group>"; };
		704F2EFB29C1CA2C00DD2003 /* FirebaseAuthInterop.xcframework */ = {isa = PBXFileReference; lastKnownFileType = wrapper.xcframework; path = FirebaseAuthInterop.xcframework; sourceTree = "<group>"; };
		704F2EFC29C1CA2D00DD2003 /* GoogleUtilities.xcframework */ = {isa = PBXFileReference; lastKnownFileType = wrapper.xcframework; path = GoogleUtilities.xcframework; sourceTree = "<group>"; };
		704F2EFD29C1CA2D00DD2003 /* abseil.xcframework */ = {isa = PBXFileReference; lastKnownFileType = wrapper.xcframework; path = abseil.xcframework; sourceTree = "<group>"; };
		704F2EFE29C1CA2D00DD2003 /* FBLPromises.xcframework */ = {isa = PBXFileReference; lastKnownFileType = wrapper.xcframework; path = FBLPromises.xcframework; sourceTree = "<group>"; };
		704F2EFF29C1CA2D00DD2003 /* FirebaseAppCheckInterop.xcframework */ = {isa = PBXFileReference; lastKnownFileType = wrapper.xcframework; path = FirebaseAppCheckInterop.xcframework; sourceTree = "<group>"; };
		704F2F0029C1CA2D00DD2003 /* FirebaseAnalyticsSwift.xcframework */ = {isa = PBXFileReference; lastKnownFileType = wrapper.xcframework; path = FirebaseAnalyticsSwift.xcframework; sourceTree = "<group>"; };
		704F2F0129C1CA2D00DD2003 /* FirebaseStorage.xcframework */ = {isa = PBXFileReference; lastKnownFileType = wrapper.xcframework; path = FirebaseStorage.xcframework; sourceTree = "<group>"; };
		704F2F0229C1CA2D00DD2003 /* FirebaseSharedSwift.xcframework */ = {isa = PBXFileReference; lastKnownFileType = wrapper.xcframework; path = FirebaseSharedSwift.xcframework; sourceTree = "<group>"; };
		704F2F0329C1CA2D00DD2003 /* FirebaseCoreExtension.xcframework */ = {isa = PBXFileReference; lastKnownFileType = wrapper.xcframework; path = FirebaseCoreExtension.xcframework; sourceTree = "<group>"; };
		704F2F0429C1CA2E00DD2003 /* FirebaseCore.xcframework */ = {isa = PBXFileReference; lastKnownFileType = wrapper.xcframework; path = FirebaseCore.xcframework; sourceTree = "<group>"; };
		704F2F0529C1CA2E00DD2003 /* FirebaseAnalytics.xcframework */ = {isa = PBXFileReference; lastKnownFileType = wrapper.xcframework; path = FirebaseAnalytics.xcframework; sourceTree = "<group>"; };
		704F2F0629C1CA2E00DD2003 /* Libuv-gRPC.xcframework */ = {isa = PBXFileReference; lastKnownFileType = wrapper.xcframework; path = "Libuv-gRPC.xcframework"; sourceTree = "<group>"; };
		704F2F0729C1CA2E00DD2003 /* BoringSSL-GRPC.xcframework */ = {isa = PBXFileReference; lastKnownFileType = wrapper.xcframework; path = "BoringSSL-GRPC.xcframework"; sourceTree = "<group>"; };
		704F2F0829C1CA2E00DD2003 /* FirebaseDatabase.xcframework */ = {isa = PBXFileReference; lastKnownFileType = wrapper.xcframework; path = FirebaseDatabase.xcframework; sourceTree = "<group>"; };
		704F2F0929C1CA2F00DD2003 /* nanopb.xcframework */ = {isa = PBXFileReference; lastKnownFileType = wrapper.xcframework; path = nanopb.xcframework; sourceTree = "<group>"; };
		704F2F2529C1CA7800DD2003 /* gRPCCertificates-Cpp.bundle */ = {isa = PBXFileReference; lastKnownFileType = "wrapper.plug-in"; path = "gRPCCertificates-Cpp.bundle"; sourceTree = "<group>"; };
		7054EF1F29C34C4600F51EB5 /* UserService.swift */ = {isa = PBXFileReference; lastKnownFileType = sourcecode.swift; path = UserService.swift; sourceTree = "<group>"; };
		7054EF2129C34EAC00F51EB5 /* User.swift */ = {isa = PBXFileReference; lastKnownFileType = sourcecode.swift; path = User.swift; sourceTree = "<group>"; };
		705B3D0229BCB871005CFEC2 /* FeedCell.swift */ = {isa = PBXFileReference; lastKnownFileType = sourcecode.swift; path = FeedCell.swift; sourceTree = "<group>"; };
		705B3D0429BCB9B4005CFEC2 /* Extensions.swift */ = {isa = PBXFileReference; lastKnownFileType = sourcecode.swift; path = Extensions.swift; sourceTree = "<group>"; };
		705B3D0629BD064A005CFEC2 /* Constants.swift */ = {isa = PBXFileReference; lastKnownFileType = sourcecode.swift; path = Constants.swift; sourceTree = "<group>"; };
		705B3D0D29BF0105005CFEC2 /* LoginController.swift */ = {isa = PBXFileReference; lastKnownFileType = sourcecode.swift; path = LoginController.swift; sourceTree = "<group>"; };
		705B3D0F29BF0112005CFEC2 /* RegistrationController.swift */ = {isa = PBXFileReference; lastKnownFileType = sourcecode.swift; path = RegistrationController.swift; sourceTree = "<group>"; };
		705B3D1329BF143B005CFEC2 /* CustomTextField.swift */ = {isa = PBXFileReference; lastKnownFileType = sourcecode.swift; path = CustomTextField.swift; sourceTree = "<group>"; };
		705B3D1929BF4776005CFEC2 /* AuthenticationViewModel.swift */ = {isa = PBXFileReference; lastKnownFileType = sourcecode.swift; path = AuthenticationViewModel.swift; sourceTree = "<group>"; };
		70BB486A29B9F0E300D26BE3 /* InstagramClone.app */ = {isa = PBXFileReference; explicitFileType = wrapper.application; includeInIndex = 0; path = InstagramClone.app; sourceTree = BUILT_PRODUCTS_DIR; };
		70BB486D29B9F0E300D26BE3 /* AppDelegate.swift */ = {isa = PBXFileReference; lastKnownFileType = sourcecode.swift; path = AppDelegate.swift; sourceTree = "<group>"; };
		70BB486F29B9F0E300D26BE3 /* SceneDelegate.swift */ = {isa = PBXFileReference; lastKnownFileType = sourcecode.swift; path = SceneDelegate.swift; sourceTree = "<group>"; };
		70BB487129B9F0E300D26BE3 /* ViewController.swift */ = {isa = PBXFileReference; lastKnownFileType = sourcecode.swift; path = ViewController.swift; sourceTree = "<group>"; };
		70BB487429B9F0E300D26BE3 /* Base */ = {isa = PBXFileReference; lastKnownFileType = file.storyboard; name = Base; path = Base.lproj/Main.storyboard; sourceTree = "<group>"; };
		70BB487629B9F0E900D26BE3 /* Assets.xcassets */ = {isa = PBXFileReference; lastKnownFileType = folder.assetcatalog; path = Assets.xcassets; sourceTree = "<group>"; };
		70BB487929B9F0E900D26BE3 /* Base */ = {isa = PBXFileReference; lastKnownFileType = file.storyboard; name = Base; path = Base.lproj/LaunchScreen.storyboard; sourceTree = "<group>"; };
		70BB487B29B9F0E900D26BE3 /* Info.plist */ = {isa = PBXFileReference; lastKnownFileType = text.plist.xml; path = Info.plist; sourceTree = "<group>"; };
		70BB488729BB2F0E00D26BE3 /* MainTabController.swift */ = {isa = PBXFileReference; lastKnownFileType = sourcecode.swift; path = MainTabController.swift; sourceTree = "<group>"; };
		70BB488929BB309E00D26BE3 /* FeedController.swift */ = {isa = PBXFileReference; lastKnownFileType = sourcecode.swift; path = FeedController.swift; sourceTree = "<group>"; };
		70BB488B29BB30A900D26BE3 /* SearchController.swift */ = {isa = PBXFileReference; lastKnownFileType = sourcecode.swift; path = SearchController.swift; sourceTree = "<group>"; };
		70BB488D29BB30BB00D26BE3 /* ImageSelectorController.swift */ = {isa = PBXFileReference; lastKnownFileType = sourcecode.swift; path = ImageSelectorController.swift; sourceTree = "<group>"; };
		70BB488F29BB30C900D26BE3 /* NotificationController.swift */ = {isa = PBXFileReference; lastKnownFileType = sourcecode.swift; path = NotificationController.swift; sourceTree = "<group>"; };
		70BB489129BB30D700D26BE3 /* ProfileController.swift */ = {isa = PBXFileReference; lastKnownFileType = sourcecode.swift; path = ProfileController.swift; sourceTree = "<group>"; };
		70E3A54B29C352D8007D7302 /* ProfileHeaderViewModel.swift */ = {isa = PBXFileReference; lastKnownFileType = sourcecode.swift; path = ProfileHeaderViewModel.swift; sourceTree = "<group>"; };
/* End PBXFileReference section */

/* Begin PBXFrameworksBuildPhase section */
		70BB486729B9F0E300D26BE3 /* Frameworks */ = {
			isa = PBXFrameworksBuildPhase;
			buildActionMask = 2147483647;
			files = (
				704F2F2129C1CA3400DD2003 /* Libuv-gRPC.xcframework in Frameworks */,
				704F2F0A29C1CA2F00DD2003 /* FirebaseFirestore.xcframework in Frameworks */,
				704F2F1429C1CA3000DD2003 /* FirebaseDatabaseSwift.xcframework in Frameworks */,
				704F2F1C29C1CA3200DD2003 /* FirebaseStorage.xcframework in Frameworks */,
				704F2F1F29C1CA3300DD2003 /* FirebaseCore.xcframework in Frameworks */,
				704F2F1D29C1CA3200DD2003 /* FirebaseSharedSwift.xcframework in Frameworks */,
				704F2F2029C1CA3300DD2003 /* FirebaseAnalytics.xcframework in Frameworks */,
				704F2F0D29C1CA2F00DD2003 /* GoogleAppMeasurementIdentitySupport.xcframework in Frameworks */,
				704F2F1629C1CA3000DD2003 /* FirebaseAuthInterop.xcframework in Frameworks */,
				704F2F1829C1CA3100DD2003 /* abseil.xcframework in Frameworks */,
				704F2F1B29C1CA3200DD2003 /* FirebaseAnalyticsSwift.xcframework in Frameworks */,
				705B3D2C29C0632F005CFEC2 /* SDWebImage in Frameworks */,
				704F2F1729C1CA3000DD2003 /* GoogleUtilities.xcframework in Frameworks */,
				705B3D3229C063EB005CFEC2 /* JGProgressHUD in Frameworks */,
				704F2F1929C1CA3100DD2003 /* FBLPromises.xcframework in Frameworks */,
				705B3D2F29C063AA005CFEC2 /* ActiveLabel in Frameworks */,
				704F2F0C29C1CA2F00DD2003 /* GTMSessionFetcher.xcframework in Frameworks */,
				704F2F1329C1CA2F00DD2003 /* FirebaseCoreInternal.xcframework in Frameworks */,
				704F2F1E29C1CA3300DD2003 /* FirebaseCoreExtension.xcframework in Frameworks */,
				704F2F2329C1CA3400DD2003 /* FirebaseDatabase.xcframework in Frameworks */,
				704F2F2229C1CA3400DD2003 /* BoringSSL-GRPC.xcframework in Frameworks */,
				704F2F0B29C1CA2F00DD2003 /* leveldb-library.xcframework in Frameworks */,
				705B3D3529C0656E005CFEC2 /* YPImagePicker in Frameworks */,
				704F2F1A29C1CA3100DD2003 /* FirebaseAppCheckInterop.xcframework in Frameworks */,
				704F2F1529C1CA3000DD2003 /* FirebaseInstallations.xcframework in Frameworks */,
				704F2F2429C1CA3500DD2003 /* nanopb.xcframework in Frameworks */,
				704F2F1229C1CA2F00DD2003 /* FirebaseAuth.xcframework in Frameworks */,
				704F2F1029C1CA2F00DD2003 /* GoogleAppMeasurement.xcframework in Frameworks */,
				704F2F1129C1CA2F00DD2003 /* gRPC-C++.xcframework in Frameworks */,
				704F2F0F29C1CA2F00DD2003 /* FirebaseFirestoreSwift.xcframework in Frameworks */,
				704F2F0E29C1CA2F00DD2003 /* gRPC-Core.xcframework in Frameworks */,
			);
			runOnlyForDeploymentPostprocessing = 0;
		};
/* End PBXFrameworksBuildPhase section */

/* Begin PBXGroup section */
		704F2DC429C0EA6900DD2003 /* Profile */ = {
			isa = PBXGroup;
			children = (
				704F2DC029C0EA5500DD2003 /* ProfileCell.swift */,
				704F2DC229C0EA6600DD2003 /* ProfileHeader.swift */,
			);
			path = Profile;
			sourceTree = "<group>";
		};
		704F2F2729C1CF6600DD2003 /* FirebaseRef */ = {
			isa = PBXGroup;
			children = (
				704F2EFD29C1CA2D00DD2003 /* abseil.xcframework */,
				704F2F0729C1CA2E00DD2003 /* BoringSSL-GRPC.xcframework */,
				704F2EFE29C1CA2D00DD2003 /* FBLPromises.xcframework */,
				704F2F0529C1CA2E00DD2003 /* FirebaseAnalytics.xcframework */,
				704F2F0029C1CA2D00DD2003 /* FirebaseAnalyticsSwift.xcframework */,
				704F2EFF29C1CA2D00DD2003 /* FirebaseAppCheckInterop.xcframework */,
				704F2EF729C1CA2C00DD2003 /* FirebaseAuth.xcframework */,
				704F2EFB29C1CA2C00DD2003 /* FirebaseAuthInterop.xcframework */,
				704F2F0429C1CA2E00DD2003 /* FirebaseCore.xcframework */,
				704F2F0329C1CA2D00DD2003 /* FirebaseCoreExtension.xcframework */,
				704F2EF829C1CA2C00DD2003 /* FirebaseCoreInternal.xcframework */,
				704F2F0829C1CA2E00DD2003 /* FirebaseDatabase.xcframework */,
				704F2EF929C1CA2C00DD2003 /* FirebaseDatabaseSwift.xcframework */,
				704F2EEF29C1CA2A00DD2003 /* FirebaseFirestore.xcframework */,
				704F2EF429C1CA2B00DD2003 /* FirebaseFirestoreSwift.xcframework */,
				704F2EFA29C1CA2C00DD2003 /* FirebaseInstallations.xcframework */,
				704F2F0229C1CA2D00DD2003 /* FirebaseSharedSwift.xcframework */,
				704F2F0129C1CA2D00DD2003 /* FirebaseStorage.xcframework */,
				704F2EF529C1CA2B00DD2003 /* GoogleAppMeasurement.xcframework */,
				704F2EF229C1CA2B00DD2003 /* GoogleAppMeasurementIdentitySupport.xcframework */,
				704F2EFC29C1CA2D00DD2003 /* GoogleUtilities.xcframework */,
				704F2EF629C1CA2C00DD2003 /* gRPC-C++.xcframework */,
				704F2EF329C1CA2B00DD2003 /* gRPC-Core.xcframework */,
				704F2EF129C1CA2B00DD2003 /* GTMSessionFetcher.xcframework */,
				704F2EF029C1CA2B00DD2003 /* leveldb-library.xcframework */,
				704F2F0629C1CA2E00DD2003 /* Libuv-gRPC.xcframework */,
				704F2F0929C1CA2F00DD2003 /* nanopb.xcframework */,
				704F2F2529C1CA7800DD2003 /* gRPCCertificates-Cpp.bundle */,
			);
			path = FirebaseRef;
			sourceTree = "<group>";
		};
		705B3D0C29BF00B8005CFEC2 /* Authentication */ = {
			isa = PBXGroup;
			children = (
				705B3D0D29BF0105005CFEC2 /* LoginController.swift */,
				705B3D0F29BF0112005CFEC2 /* RegistrationController.swift */,
			);
			path = Authentication;
			sourceTree = "<group>";
		};
		70BB486129B9F0E300D26BE3 = {
			isa = PBXGroup;
			children = (
				70BB486C29B9F0E300D26BE3 /* InstagramClone */,
				70BB486B29B9F0E300D26BE3 /* Products */,
			);
			sourceTree = "<group>";
		};
		70BB486B29B9F0E300D26BE3 /* Products */ = {
			isa = PBXGroup;
			children = (
				70BB486A29B9F0E300D26BE3 /* InstagramClone.app */,
			);
			name = Products;
			sourceTree = "<group>";
		};
		70BB486C29B9F0E300D26BE3 /* InstagramClone */ = {
			isa = PBXGroup;
			children = (
				70BB488629BA004200D26BE3 /* Model */,
				70BB488529BA004000D26BE3 /* View */,
				70BB488429BA003E00D26BE3 /* ViewModel */,
				70BB488329BA003B00D26BE3 /* Controller */,
				70BB488229BA003900D26BE3 /* API */,
				70BB488129BA003600D26BE3 /* Utils */,
				70BB486D29B9F0E300D26BE3 /* AppDelegate.swift */,
				70BB486F29B9F0E300D26BE3 /* SceneDelegate.swift */,
				70BB487129B9F0E300D26BE3 /* ViewController.swift */,
				70BB487329B9F0E300D26BE3 /* Main.storyboard */,
				70BB487629B9F0E900D26BE3 /* Assets.xcassets */,
				70BB487829B9F0E900D26BE3 /* LaunchScreen.storyboard */,
				70BB487B29B9F0E900D26BE3 /* Info.plist */,
				704F2DBA29C0758700DD2003 /* GoogleService-Info.plist */,
				704F2E7729C1C34600DD2003 /* Firebase.h */,
				704F2E7829C1C34F00DD2003 /* module.modulemap */,
				704F2F2729C1CF6600DD2003 /* FirebaseRef */,
			);
			path = InstagramClone;
			sourceTree = "<group>";
		};
		70BB488129BA003600D26BE3 /* Utils */ = {
			isa = PBXGroup;
			children = (
				705B3D0429BCB9B4005CFEC2 /* Extensions.swift */,
				705B3D0629BD064A005CFEC2 /* Constants.swift */,
				7005EAC129C482AC0034A6E7 /* InputTextView.swift */,
			);
			path = Utils;
			sourceTree = "<group>";
		};
		70BB488229BA003900D26BE3 /* API */ = {
			isa = PBXGroup;
			children = (
				704F2DBC29C07EB800DD2003 /* ImageUploader.swift */,
				704F2DBE29C07ECD00DD2003 /* AuthService.swift */,
				7054EF1F29C34C4600F51EB5 /* UserService.swift */,
				7005EAC329C4B6130034A6E7 /* PostService.swift */,
			);
			path = API;
			sourceTree = "<group>";
		};
		70BB488329BA003B00D26BE3 /* Controller */ = {
			isa = PBXGroup;
			children = (
				705B3D0C29BF00B8005CFEC2 /* Authentication */,
				70BB488729BB2F0E00D26BE3 /* MainTabController.swift */,
				70BB488929BB309E00D26BE3 /* FeedController.swift */,
				70BB488B29BB30A900D26BE3 /* SearchController.swift */,
				70BB488D29BB30BB00D26BE3 /* ImageSelectorController.swift */,
				70BB488F29BB30C900D26BE3 /* NotificationController.swift */,
				70BB489129BB30D700D26BE3 /* ProfileController.swift */,
				7005EABF29C47F770034A6E7 /* UploadPostController.swift */,
			);
			path = Controller;
			sourceTree = "<group>";
		};
		70BB488429BA003E00D26BE3 /* ViewModel */ = {
			isa = PBXGroup;
			children = (
				705B3D1929BF4776005CFEC2 /* AuthenticationViewModel.swift */,
				70E3A54B29C352D8007D7302 /* ProfileHeaderViewModel.swift */,
				7042BB1529C3918800C1BAA3 /* UserCellViewModel.swift */,
			);
			path = ViewModel;
			sourceTree = "<group>";
		};
		70BB488529BA004000D26BE3 /* View */ = {
			isa = PBXGroup;
			children = (
				704F2DC429C0EA6900DD2003 /* Profile */,
				705B3D0229BCB871005CFEC2 /* FeedCell.swift */,
				705B3D1329BF143B005CFEC2 /* CustomTextField.swift */,
				7042BB1329C3851B00C1BAA3 /* UserCell.swift */,
			);
			path = View;
			sourceTree = "<group>";
		};
		70BB488629BA004200D26BE3 /* Model */ = {
			isa = PBXGroup;
			children = (
				7054EF2129C34EAC00F51EB5 /* User.swift */,
			);
			path = Model;
			sourceTree = "<group>";
		};
/* End PBXGroup section */

/* Begin PBXNativeTarget section */
		70BB486929B9F0E300D26BE3 /* InstagramClone */ = {
			isa = PBXNativeTarget;
			buildConfigurationList = 70BB487E29B9F0E900D26BE3 /* Build configuration list for PBXNativeTarget "InstagramClone" */;
			buildPhases = (
				70BB486629B9F0E300D26BE3 /* Sources */,
				70BB486729B9F0E300D26BE3 /* Frameworks */,
				70BB486829B9F0E300D26BE3 /* Resources */,
			);
			buildRules = (
			);
			dependencies = (
			);
			name = InstagramClone;
			packageProductDependencies = (
				705B3D2B29C0632F005CFEC2 /* SDWebImage */,
				705B3D2E29C063AA005CFEC2 /* ActiveLabel */,
				705B3D3129C063EB005CFEC2 /* JGProgressHUD */,
				705B3D3429C0656E005CFEC2 /* YPImagePicker */,
			);
			productName = InstagramClone;
			productReference = 70BB486A29B9F0E300D26BE3 /* InstagramClone.app */;
			productType = "com.apple.product-type.application";
		};
/* End PBXNativeTarget section */

/* Begin PBXProject section */
		70BB486229B9F0E300D26BE3 /* Project object */ = {
			isa = PBXProject;
			attributes = {
				BuildIndependentTargetsInParallel = 1;
				LastSwiftUpdateCheck = 1340;
				LastUpgradeCheck = 1340;
				TargetAttributes = {
					70BB486929B9F0E300D26BE3 = {
						CreatedOnToolsVersion = 13.4.1;
					};
				};
			};
			buildConfigurationList = 70BB486529B9F0E300D26BE3 /* Build configuration list for PBXProject "InstagramClone" */;
			compatibilityVersion = "Xcode 13.0";
			developmentRegion = en;
			hasScannedForEncodings = 0;
			knownRegions = (
				en,
				Base,
			);
			mainGroup = 70BB486129B9F0E300D26BE3;
			packageReferences = (
				705B3D2A29C0632F005CFEC2 /* XCRemoteSwiftPackageReference "SDWebImage" */,
				705B3D2D29C063AA005CFEC2 /* XCRemoteSwiftPackageReference "ActiveLabel.swift" */,
				705B3D3029C063EB005CFEC2 /* XCRemoteSwiftPackageReference "JGProgressHUD" */,
				705B3D3329C0656E005CFEC2 /* XCRemoteSwiftPackageReference "YPImagePicker" */,
			);
			productRefGroup = 70BB486B29B9F0E300D26BE3 /* Products */;
			projectDirPath = "";
			projectRoot = "";
			targets = (
				70BB486929B9F0E300D26BE3 /* InstagramClone */,
			);
		};
/* End PBXProject section */

/* Begin PBXResourcesBuildPhase section */
		70BB486829B9F0E300D26BE3 /* Resources */ = {
			isa = PBXResourcesBuildPhase;
			buildActionMask = 2147483647;
			files = (
				70BB487A29B9F0E900D26BE3 /* LaunchScreen.storyboard in Resources */,
				704F2DBB29C0758700DD2003 /* GoogleService-Info.plist in Resources */,
				70BB487729B9F0E900D26BE3 /* Assets.xcassets in Resources */,
				70BB487529B9F0E300D26BE3 /* Main.storyboard in Resources */,
				704F2F2629C1CA7800DD2003 /* gRPCCertificates-Cpp.bundle in Resources */,
			);
			runOnlyForDeploymentPostprocessing = 0;
		};
/* End PBXResourcesBuildPhase section */

/* Begin PBXSourcesBuildPhase section */
		70BB486629B9F0E300D26BE3 /* Sources */ = {
			isa = PBXSourcesBuildPhase;
			buildActionMask = 2147483647;
			files = (
				705B3D1029BF0112005CFEC2 /* RegistrationController.swift in Sources */,
				70BB487229B9F0E300D26BE3 /* ViewController.swift in Sources */,
				7005EAC029C47F770034A6E7 /* UploadPostController.swift in Sources */,
				704F2DBD29C07EB800DD2003 /* ImageUploader.swift in Sources */,
				704F2DBF29C07ECD00DD2003 /* AuthService.swift in Sources */,
				705B3D0329BCB871005CFEC2 /* FeedCell.swift in Sources */,
				70BB488E29BB30BB00D26BE3 /* ImageSelectorController.swift in Sources */,
				705B3D1A29BF4776005CFEC2 /* AuthenticationViewModel.swift in Sources */,
				705B3D0E29BF0105005CFEC2 /* LoginController.swift in Sources */,
				7042BB1429C3851B00C1BAA3 /* UserCell.swift in Sources */,
				704F2DC329C0EA6600DD2003 /* ProfileHeader.swift in Sources */,
				70BB489029BB30C900D26BE3 /* NotificationController.swift in Sources */,
				7054EF2229C34EAC00F51EB5 /* User.swift in Sources */,
				70BB488C29BB30A900D26BE3 /* SearchController.swift in Sources */,
				70E3A54C29C352D8007D7302 /* ProfileHeaderViewModel.swift in Sources */,
				7005EAC229C482AC0034A6E7 /* InputTextView.swift in Sources */,
				70BB486E29B9F0E300D26BE3 /* AppDelegate.swift in Sources */,
				70BB489229BB30D700D26BE3 /* ProfileController.swift in Sources */,
				7042BB1629C3918800C1BAA3 /* UserCellViewModel.swift in Sources */,
				70BB488A29BB309E00D26BE3 /* FeedController.swift in Sources */,
				7054EF2029C34C4600F51EB5 /* UserService.swift in Sources */,
				70BB488829BB2F0E00D26BE3 /* MainTabController.swift in Sources */,
				705B3D0529BCB9B4005CFEC2 /* Extensions.swift in Sources */,
				7005EAC429C4B6130034A6E7 /* PostService.swift in Sources */,
				704F2DC129C0EA5500DD2003 /* ProfileCell.swift in Sources */,
				70BB487029B9F0E300D26BE3 /* SceneDelegate.swift in Sources */,
				705B3D0729BD064A005CFEC2 /* Constants.swift in Sources */,
				705B3D1429BF143B005CFEC2 /* CustomTextField.swift in Sources */,
			);
			runOnlyForDeploymentPostprocessing = 0;
		};
/* End PBXSourcesBuildPhase section */

/* Begin PBXVariantGroup section */
		70BB487329B9F0E300D26BE3 /* Main.storyboard */ = {
			isa = PBXVariantGroup;
			children = (
				70BB487429B9F0E300D26BE3 /* Base */,
			);
			name = Main.storyboard;
			sourceTree = "<group>";
		};
		70BB487829B9F0E900D26BE3 /* LaunchScreen.storyboard */ = {
			isa = PBXVariantGroup;
			children = (
				70BB487929B9F0E900D26BE3 /* Base */,
			);
			name = LaunchScreen.storyboard;
			sourceTree = "<group>";
		};
/* End PBXVariantGroup section */

/* Begin XCBuildConfiguration section */
		70BB487C29B9F0E900D26BE3 /* Debug */ = {
			isa = XCBuildConfiguration;
			buildSettings = {
				ALWAYS_SEARCH_USER_PATHS = NO;
				CLANG_ANALYZER_NONNULL = YES;
				CLANG_ANALYZER_NUMBER_OBJECT_CONVERSION = YES_AGGRESSIVE;
				CLANG_CXX_LANGUAGE_STANDARD = "gnu++17";
				CLANG_ENABLE_MODULES = YES;
				CLANG_ENABLE_OBJC_ARC = YES;
				CLANG_ENABLE_OBJC_WEAK = YES;
				CLANG_WARN_BLOCK_CAPTURE_AUTORELEASING = YES;
				CLANG_WARN_BOOL_CONVERSION = YES;
				CLANG_WARN_COMMA = YES;
				CLANG_WARN_CONSTANT_CONVERSION = YES;
				CLANG_WARN_DEPRECATED_OBJC_IMPLEMENTATIONS = YES;
				CLANG_WARN_DIRECT_OBJC_ISA_USAGE = YES_ERROR;
				CLANG_WARN_DOCUMENTATION_COMMENTS = YES;
				CLANG_WARN_EMPTY_BODY = YES;
				CLANG_WARN_ENUM_CONVERSION = YES;
				CLANG_WARN_INFINITE_RECURSION = YES;
				CLANG_WARN_INT_CONVERSION = YES;
				CLANG_WARN_NON_LITERAL_NULL_CONVERSION = YES;
				CLANG_WARN_OBJC_IMPLICIT_RETAIN_SELF = YES;
				CLANG_WARN_OBJC_LITERAL_CONVERSION = YES;
				CLANG_WARN_OBJC_ROOT_CLASS = YES_ERROR;
				CLANG_WARN_QUOTED_INCLUDE_IN_FRAMEWORK_HEADER = YES;
				CLANG_WARN_RANGE_LOOP_ANALYSIS = YES;
				CLANG_WARN_STRICT_PROTOTYPES = YES;
				CLANG_WARN_SUSPICIOUS_MOVE = YES;
				CLANG_WARN_UNGUARDED_AVAILABILITY = YES_AGGRESSIVE;
				CLANG_WARN_UNREACHABLE_CODE = YES;
				CLANG_WARN__DUPLICATE_METHOD_MATCH = YES;
				COPY_PHASE_STRIP = NO;
				DEBUG_INFORMATION_FORMAT = dwarf;
				ENABLE_STRICT_OBJC_MSGSEND = YES;
				ENABLE_TESTABILITY = YES;
				GCC_C_LANGUAGE_STANDARD = gnu11;
				GCC_DYNAMIC_NO_PIC = NO;
				GCC_NO_COMMON_BLOCKS = YES;
				GCC_OPTIMIZATION_LEVEL = 0;
				GCC_PREPROCESSOR_DEFINITIONS = (
					"DEBUG=1",
					"$(inherited)",
				);
				GCC_WARN_64_TO_32_BIT_CONVERSION = YES;
				GCC_WARN_ABOUT_RETURN_TYPE = YES_ERROR;
				GCC_WARN_UNDECLARED_SELECTOR = YES;
				GCC_WARN_UNINITIALIZED_AUTOS = YES_AGGRESSIVE;
				GCC_WARN_UNUSED_FUNCTION = YES;
				GCC_WARN_UNUSED_VARIABLE = YES;
				IPHONEOS_DEPLOYMENT_TARGET = 13.0;
				MTL_ENABLE_DEBUG_INFO = INCLUDE_SOURCE;
				MTL_FAST_MATH = YES;
				ONLY_ACTIVE_ARCH = YES;
				OTHER_LDFLAGS = "-ObjC";
				SDKROOT = iphoneos;
				SWIFT_ACTIVE_COMPILATION_CONDITIONS = DEBUG;
				SWIFT_OPTIMIZATION_LEVEL = "-Onone";
				USER_HEADER_SEARCH_PATHS = "\"${SRCROOT}\"";
			};
			name = Debug;
		};
		70BB487D29B9F0E900D26BE3 /* Release */ = {
			isa = XCBuildConfiguration;
			buildSettings = {
				ALWAYS_SEARCH_USER_PATHS = NO;
				CLANG_ANALYZER_NONNULL = YES;
				CLANG_ANALYZER_NUMBER_OBJECT_CONVERSION = YES_AGGRESSIVE;
				CLANG_CXX_LANGUAGE_STANDARD = "gnu++17";
				CLANG_ENABLE_MODULES = YES;
				CLANG_ENABLE_OBJC_ARC = YES;
				CLANG_ENABLE_OBJC_WEAK = YES;
				CLANG_WARN_BLOCK_CAPTURE_AUTORELEASING = YES;
				CLANG_WARN_BOOL_CONVERSION = YES;
				CLANG_WARN_COMMA = YES;
				CLANG_WARN_CONSTANT_CONVERSION = YES;
				CLANG_WARN_DEPRECATED_OBJC_IMPLEMENTATIONS = YES;
				CLANG_WARN_DIRECT_OBJC_ISA_USAGE = YES_ERROR;
				CLANG_WARN_DOCUMENTATION_COMMENTS = YES;
				CLANG_WARN_EMPTY_BODY = YES;
				CLANG_WARN_ENUM_CONVERSION = YES;
				CLANG_WARN_INFINITE_RECURSION = YES;
				CLANG_WARN_INT_CONVERSION = YES;
				CLANG_WARN_NON_LITERAL_NULL_CONVERSION = YES;
				CLANG_WARN_OBJC_IMPLICIT_RETAIN_SELF = YES;
				CLANG_WARN_OBJC_LITERAL_CONVERSION = YES;
				CLANG_WARN_OBJC_ROOT_CLASS = YES_ERROR;
				CLANG_WARN_QUOTED_INCLUDE_IN_FRAMEWORK_HEADER = YES;
				CLANG_WARN_RANGE_LOOP_ANALYSIS = YES;
				CLANG_WARN_STRICT_PROTOTYPES = YES;
				CLANG_WARN_SUSPICIOUS_MOVE = YES;
				CLANG_WARN_UNGUARDED_AVAILABILITY = YES_AGGRESSIVE;
				CLANG_WARN_UNREACHABLE_CODE = YES;
				CLANG_WARN__DUPLICATE_METHOD_MATCH = YES;
				COPY_PHASE_STRIP = NO;
				DEBUG_INFORMATION_FORMAT = "dwarf-with-dsym";
				ENABLE_NS_ASSERTIONS = NO;
				ENABLE_STRICT_OBJC_MSGSEND = YES;
				GCC_C_LANGUAGE_STANDARD = gnu11;
				GCC_NO_COMMON_BLOCKS = YES;
				GCC_WARN_64_TO_32_BIT_CONVERSION = YES;
				GCC_WARN_ABOUT_RETURN_TYPE = YES_ERROR;
				GCC_WARN_UNDECLARED_SELECTOR = YES;
				GCC_WARN_UNINITIALIZED_AUTOS = YES_AGGRESSIVE;
				GCC_WARN_UNUSED_FUNCTION = YES;
				GCC_WARN_UNUSED_VARIABLE = YES;
				IPHONEOS_DEPLOYMENT_TARGET = 13.0;
				MTL_ENABLE_DEBUG_INFO = NO;
				MTL_FAST_MATH = YES;
				OTHER_LDFLAGS = "-ObjC";
				SDKROOT = iphoneos;
				SWIFT_COMPILATION_MODE = wholemodule;
				SWIFT_OPTIMIZATION_LEVEL = "-O";
				USER_HEADER_SEARCH_PATHS = "\"${SRCROOT}\"";
				VALIDATE_PRODUCT = YES;
			};
			name = Release;
		};
		70BB487F29B9F0E900D26BE3 /* Debug */ = {
			isa = XCBuildConfiguration;
			buildSettings = {
				ASSETCATALOG_COMPILER_APPICON_NAME = AppIcon;
				ASSETCATALOG_COMPILER_GLOBAL_ACCENT_COLOR_NAME = AccentColor;
				CODE_SIGN_STYLE = Automatic;
				CURRENT_PROJECT_VERSION = 1;
				DEVELOPMENT_TEAM = UA5J3LA7RU;
				ENABLE_BITCODE = NO;
				GENERATE_INFOPLIST_FILE = YES;
				INFOPLIST_FILE = InstagramClone/Info.plist;
				INFOPLIST_KEY_UIApplicationSupportsIndirectInputEvents = YES;
				INFOPLIST_KEY_UILaunchStoryboardName = LaunchScreen;
				INFOPLIST_KEY_UIMainStoryboardFile = Main;
				INFOPLIST_KEY_UISupportedInterfaceOrientations = UIInterfaceOrientationPortrait;
				INFOPLIST_KEY_UISupportedInterfaceOrientations_iPad = "UIInterfaceOrientationPortrait UIInterfaceOrientationPortraitUpsideDown UIInterfaceOrientationLandscapeLeft UIInterfaceOrientationLandscapeRight";
				INFOPLIST_KEY_UISupportedInterfaceOrientations_iPhone = "UIInterfaceOrientationPortrait UIInterfaceOrientationLandscapeLeft UIInterfaceOrientationLandscapeRight";
				IPHONEOS_DEPLOYMENT_TARGET = 13.0;
				LD_RUNPATH_SEARCH_PATHS = (
					"$(inherited)",
					"@executable_path/Frameworks",
				);
				MARKETING_VERSION = 1.0;
				OTHER_LDFLAGS = "-ObjC";
				PRODUCT_BUNDLE_IDENTIFIER = com.ibrahimuysal.InstagramClone;
				PRODUCT_NAME = "$(TARGET_NAME)";
				SWIFT_EMIT_LOC_STRINGS = YES;
				SWIFT_VERSION = 5.0;
				TARGETED_DEVICE_FAMILY = "1,2";
				USER_HEADER_SEARCH_PATHS = "\"${SRCROOT}/Firebase\"";
			};
			name = Debug;
		};
		70BB488029B9F0E900D26BE3 /* Release */ = {
			isa = XCBuildConfiguration;
			buildSettings = {
				ASSETCATALOG_COMPILER_APPICON_NAME = AppIcon;
				ASSETCATALOG_COMPILER_GLOBAL_ACCENT_COLOR_NAME = AccentColor;
				CODE_SIGN_STYLE = Automatic;
				CURRENT_PROJECT_VERSION = 1;
				DEVELOPMENT_TEAM = UA5J3LA7RU;
				ENABLE_BITCODE = NO;
				GENERATE_INFOPLIST_FILE = YES;
				INFOPLIST_FILE = InstagramClone/Info.plist;
				INFOPLIST_KEY_UIApplicationSupportsIndirectInputEvents = YES;
				INFOPLIST_KEY_UILaunchStoryboardName = LaunchScreen;
				INFOPLIST_KEY_UIMainStoryboardFile = Main;
				INFOPLIST_KEY_UISupportedInterfaceOrientations = UIInterfaceOrientationPortrait;
				INFOPLIST_KEY_UISupportedInterfaceOrientations_iPad = "UIInterfaceOrientationPortrait UIInterfaceOrientationPortraitUpsideDown UIInterfaceOrientationLandscapeLeft UIInterfaceOrientationLandscapeRight";
				INFOPLIST_KEY_UISupportedInterfaceOrientations_iPhone = "UIInterfaceOrientationPortrait UIInterfaceOrientationLandscapeLeft UIInterfaceOrientationLandscapeRight";
				IPHONEOS_DEPLOYMENT_TARGET = 13.0;
				LD_RUNPATH_SEARCH_PATHS = (
					"$(inherited)",
					"@executable_path/Frameworks",
				);
				MARKETING_VERSION = 1.0;
				OTHER_LDFLAGS = "-ObjC";
				PRODUCT_BUNDLE_IDENTIFIER = com.ibrahimuysal.InstagramClone;
				PRODUCT_NAME = "$(TARGET_NAME)";
				SWIFT_EMIT_LOC_STRINGS = YES;
				SWIFT_VERSION = 5.0;
				TARGETED_DEVICE_FAMILY = "1,2";
				USER_HEADER_SEARCH_PATHS = "\"${SRCROOT}/Firebase\"";
			};
			name = Release;
		};
/* End XCBuildConfiguration section */

/* Begin XCConfigurationList section */
		70BB486529B9F0E300D26BE3 /* Build configuration list for PBXProject "InstagramClone" */ = {
			isa = XCConfigurationList;
			buildConfigurations = (
				70BB487C29B9F0E900D26BE3 /* Debug */,
				70BB487D29B9F0E900D26BE3 /* Release */,
			);
			defaultConfigurationIsVisible = 0;
			defaultConfigurationName = Release;
		};
		70BB487E29B9F0E900D26BE3 /* Build configuration list for PBXNativeTarget "InstagramClone" */ = {
			isa = XCConfigurationList;
			buildConfigurations = (
				70BB487F29B9F0E900D26BE3 /* Debug */,
				70BB488029B9F0E900D26BE3 /* Release */,
			);
			defaultConfigurationIsVisible = 0;
			defaultConfigurationName = Release;
		};
/* End XCConfigurationList section */

/* Begin XCRemoteSwiftPackageReference section */
		705B3D2A29C0632F005CFEC2 /* XCRemoteSwiftPackageReference "SDWebImage" */ = {
			isa = XCRemoteSwiftPackageReference;
			repositoryURL = "https://github.com/SDWebImage/SDWebImage.git";
			requirement = {
				kind = upToNextMajorVersion;
				minimumVersion = 5.0.0;
			};
		};
		705B3D2D29C063AA005CFEC2 /* XCRemoteSwiftPackageReference "ActiveLabel.swift" */ = {
			isa = XCRemoteSwiftPackageReference;
			repositoryURL = "https://github.com/optonaut/ActiveLabel.swift.git";
			requirement = {
				kind = upToNextMajorVersion;
				minimumVersion = 1.0.0;
			};
		};
		705B3D3029C063EB005CFEC2 /* XCRemoteSwiftPackageReference "JGProgressHUD" */ = {
			isa = XCRemoteSwiftPackageReference;
			repositoryURL = "https://github.com/JonasGessner/JGProgressHUD.git";
			requirement = {
				kind = upToNextMajorVersion;
				minimumVersion = 2.0.0;
			};
		};
		705B3D3329C0656E005CFEC2 /* XCRemoteSwiftPackageReference "YPImagePicker" */ = {
			isa = XCRemoteSwiftPackageReference;
			repositoryURL = "https://github.com/Yummypets/YPImagePicker.git";
			requirement = {
				kind = upToNextMajorVersion;
				minimumVersion = 5.0.0;
			};
		};
/* End XCRemoteSwiftPackageReference section */

/* Begin XCSwiftPackageProductDependency section */
		705B3D2B29C0632F005CFEC2 /* SDWebImage */ = {
			isa = XCSwiftPackageProductDependency;
			package = 705B3D2A29C0632F005CFEC2 /* XCRemoteSwiftPackageReference "SDWebImage" */;
			productName = SDWebImage;
		};
		705B3D2E29C063AA005CFEC2 /* ActiveLabel */ = {
			isa = XCSwiftPackageProductDependency;
			package = 705B3D2D29C063AA005CFEC2 /* XCRemoteSwiftPackageReference "ActiveLabel.swift" */;
			productName = ActiveLabel;
		};
		705B3D3129C063EB005CFEC2 /* JGProgressHUD */ = {
			isa = XCSwiftPackageProductDependency;
			package = 705B3D3029C063EB005CFEC2 /* XCRemoteSwiftPackageReference "JGProgressHUD" */;
			productName = JGProgressHUD;
		};
		705B3D3429C0656E005CFEC2 /* YPImagePicker */ = {
			isa = XCSwiftPackageProductDependency;
			package = 705B3D3329C0656E005CFEC2 /* XCRemoteSwiftPackageReference "YPImagePicker" */;
			productName = YPImagePicker;
		};
/* End XCSwiftPackageProductDependency section */
	};
	rootObject = 70BB486229B9F0E300D26BE3 /* Project object */;
}
