// !$*UTF8*$!
{
	archiveVersion = 1;
	classes = {
	};
	objectVersion = 55;
	objects = {

/* Begin PBXBuildFile section */
		705B3D0329BCB871005CFEC2 /* FeedCell.swift in Sources */ = {isa = PBXBuildFile; fileRef = 705B3D0229BCB871005CFEC2 /* FeedCell.swift */; };
		705B3D0529BCB9B4005CFEC2 /* Extensions.swift in Sources */ = {isa = PBXBuildFile; fileRef = 705B3D0429BCB9B4005CFEC2 /* Extensions.swift */; };
		705B3D0729BD064A005CFEC2 /* Constants.swift in Sources */ = {isa = PBXBuildFile; fileRef = 705B3D0629BD064A005CFEC2 /* Constants.swift */; };
		705B3D0E29BF0105005CFEC2 /* LoginController.swift in Sources */ = {isa = PBXBuildFile; fileRef = 705B3D0D29BF0105005CFEC2 /* LoginController.swift */; };
		705B3D1029BF0112005CFEC2 /* RegistrationController.swift in Sources */ = {isa = PBXBuildFile; fileRef = 705B3D0F29BF0112005CFEC2 /* RegistrationController.swift */; };
		705B3D1429BF143B005CFEC2 /* CustomTextField.swift in Sources */ = {isa = PBXBuildFile; fileRef = 705B3D1329BF143B005CFEC2 /* CustomTextField.swift */; };
		70BB486E29B9F0E300D26BE3 /* AppDelegate.swift in Sources */ = {isa = PBXBuildFile; fileRef = 70BB486D29B9F0E300D26BE3 /* AppDelegate.swift */; };
		70BB487029B9F0E300D26BE3 /* SceneDelegate.swift in Sources */ = {isa = PBXBuildFile; fileRef = 70BB486F29B9F0E300D26BE3 /* SceneDelegate.swift */; };
		70BB487229B9F0E300D26BE3 /* ViewController.swift in Sources */ = {isa = PBXBuildFile; fileRef = 70BB487129B9F0E300D26BE3 /* ViewController.swift */; };
		70BB487529B9F0E300D26BE3 /* Main.storyboard in Resources */ = {isa = PBXBuildFile; fileRef = 70BB487329B9F0E300D26BE3 /* Main.storyboard */; };
		70BB487729B9F0E900D26BE3 /* Assets.xcassets in Resources */ = {isa = PBXBuildFile; fileRef = 70BB487629B9F0E900D26BE3 /* Assets.xcassets */; };
		70BB487A29B9F0E900D26BE3 /* LaunchScreen.storyboard in Resources */ = {isa = PBXBuildFile; fileRef = 70BB487829B9F0E900D26BE3 /* LaunchScreen.storyboard */; };
		70BB488829BB2F0E00D26BE3 /* MainTabController.swift in Sources */ = {isa = PBXBuildFile; fileRef = 70BB488729BB2F0E00D26BE3 /* MainTabController.swift */; };
		70BB488A29BB309E00D26BE3 /* FeedController.swift in Sources */ = {isa = PBXBuildFile; fileRef = 70BB488929BB309E00D26BE3 /* FeedController.swift */; };
		70BB488C29BB30A900D26BE3 /* SearchController.swift in Sources */ = {isa = PBXBuildFile; fileRef = 70BB488B29BB30A900D26BE3 /* SearchController.swift */; };
		70BB488E29BB30BB00D26BE3 /* ImageSelectorController.swift in Sources */ = {isa = PBXBuildFile; fileRef = 70BB488D29BB30BB00D26BE3 /* ImageSelectorController.swift */; };
		70BB489029BB30C900D26BE3 /* NotificationController.swift in Sources */ = {isa = PBXBuildFile; fileRef = 70BB488F29BB30C900D26BE3 /* NotificationController.swift */; };
		70BB489229BB30D700D26BE3 /* ProfileController.swift in Sources */ = {isa = PBXBuildFile; fileRef = 70BB489129BB30D700D26BE3 /* ProfileController.swift */; };
/* End PBXBuildFile section */

/* Begin PBXFileReference section */
		705B3D0229BCB871005CFEC2 /* FeedCell.swift */ = {isa = PBXFileReference; lastKnownFileType = sourcecode.swift; path = FeedCell.swift; sourceTree = "<group>"; };
		705B3D0429BCB9B4005CFEC2 /* Extensions.swift */ = {isa = PBXFileReference; lastKnownFileType = sourcecode.swift; path = Extensions.swift; sourceTree = "<group>"; };
		705B3D0629BD064A005CFEC2 /* Constants.swift */ = {isa = PBXFileReference; lastKnownFileType = sourcecode.swift; path = Constants.swift; sourceTree = "<group>"; };
		705B3D0D29BF0105005CFEC2 /* LoginController.swift */ = {isa = PBXFileReference; lastKnownFileType = sourcecode.swift; path = LoginController.swift; sourceTree = "<group>"; };
		705B3D0F29BF0112005CFEC2 /* RegistrationController.swift */ = {isa = PBXFileReference; lastKnownFileType = sourcecode.swift; path = RegistrationController.swift; sourceTree = "<group>"; };
		705B3D1329BF143B005CFEC2 /* CustomTextField.swift */ = {isa = PBXFileReference; lastKnownFileType = sourcecode.swift; path = CustomTextField.swift; sourceTree = "<group>"; };
		70BB486A29B9F0E300D26BE3 /* InstagramClone.app */ = {isa = PBXFileReference; explicitFileType = wrapper.application; includeInIndex = 0; path = InstagramClone.app; sourceTree = BUILT_PRODUCTS_DIR; };
		70BB486D29B9F0E300D26BE3 /* AppDelegate.swift */ = {isa = PBXFileReference; lastKnownFileType = sourcecode.swift; path = AppDelegate.swift; sourceTree = "<group>"; };
		70BB486F29B9F0E300D26BE3 /* SceneDelegate.swift */ = {isa = PBXFileReference; lastKnownFileType = sourcecode.swift; path = SceneDelegate.swift; sourceTree = "<group>"; };
		70BB487129B9F0E300D26BE3 /* ViewController.swift */ = {isa = PBXFileReference; lastKnownFileType = sourcecode.swift; path = ViewController.swift; sourceTree = "<group>"; };
		70BB487429B9F0E300D26BE3 /* Base */ = {isa = PBXFileReference; lastKnownFileType = file.storyboard; name = Base; path = Base.lproj/Main.storyboard; sourceTree = "<group>"; };
		70BB487629B9F0E900D26BE3 /* Assets.xcassets */ = {isa = PBXFileReference; lastKnownFileType = folder.assetcatalog; path = Assets.xcassets; sourceTree = "<group>"; };
		70BB487929B9F0E900D26BE3 /* Base */ = {isa = PBXFileReference; lastKnownFileType = file.storyboard; name = Base; path = Base.lproj/LaunchScreen.storyboard; sourceTree = "<group>"; };
		70BB487B29B9F0E900D26BE3 /* Info.plist */ = {isa = PBXFileReference; lastKnownFileType = text.plist.xml; path = Info.plist; sourceTree = "<group>"; };
		70BB488729BB2F0E00D26BE3 /* MainTabController.swift */ = {isa = PBXFileReference; lastKnownFileType = sourcecode.swift; path = MainTabController.swift; sourceTree = "<group>"; };
		70BB488929BB309E00D26BE3 /* FeedController.swift */ = {isa = PBXFileReference; lastKnownFileType = sourcecode.swift; path = FeedController.swift; sourceTree = "<group>"; };
		70BB488B29BB30A900D26BE3 /* SearchController.swift */ = {isa = PBXFileReference; lastKnownFileType = sourcecode.swift; path = SearchController.swift; sourceTree = "<group>"; };
		70BB488D29BB30BB00D26BE3 /* ImageSelectorController.swift */ = {isa = PBXFileReference; lastKnownFileType = sourcecode.swift; path = ImageSelectorController.swift; sourceTree = "<group>"; };
		70BB488F29BB30C900D26BE3 /* NotificationController.swift */ = {isa = PBXFileReference; lastKnownFileType = sourcecode.swift; path = NotificationController.swift; sourceTree = "<group>"; };
		70BB489129BB30D700D26BE3 /* ProfileController.swift */ = {isa = PBXFileReference; lastKnownFileType = sourcecode.swift; path = ProfileController.swift; sourceTree = "<group>"; };
/* End PBXFileReference section */

/* Begin PBXFrameworksBuildPhase section */
		70BB486729B9F0E300D26BE3 /* Frameworks */ = {
			isa = PBXFrameworksBuildPhase;
			buildActionMask = 2147483647;
			files = (
			);
			runOnlyForDeploymentPostprocessing = 0;
		};
/* End PBXFrameworksBuildPhase section */

/* Begin PBXGroup section */
		705B3D0C29BF00B8005CFEC2 /* Authentication */ = {
			isa = PBXGroup;
			children = (
				705B3D0D29BF0105005CFEC2 /* LoginController.swift */,
				705B3D0F29BF0112005CFEC2 /* RegistrationController.swift */,
			);
			path = Authentication;
			sourceTree = "<group>";
		};
		70BB486129B9F0E300D26BE3 = {
			isa = PBXGroup;
			children = (
				70BB486C29B9F0E300D26BE3 /* InstagramClone */,
				70BB486B29B9F0E300D26BE3 /* Products */,
			);
			sourceTree = "<group>";
		};
		70BB486B29B9F0E300D26BE3 /* Products */ = {
			isa = PBXGroup;
			children = (
				70BB486A29B9F0E300D26BE3 /* InstagramClone.app */,
			);
			name = Products;
			sourceTree = "<group>";
		};
		70BB486C29B9F0E300D26BE3 /* InstagramClone */ = {
			isa = PBXGroup;
			children = (
				70BB488629BA004200D26BE3 /* Model */,
				70BB488529BA004000D26BE3 /* View */,
				70BB488429BA003E00D26BE3 /* ViewModel */,
				70BB488329BA003B00D26BE3 /* Controller */,
				70BB488229BA003900D26BE3 /* API */,
				70BB488129BA003600D26BE3 /* Utils */,
				70BB486D29B9F0E300D26BE3 /* AppDelegate.swift */,
				70BB486F29B9F0E300D26BE3 /* SceneDelegate.swift */,
				70BB487129B9F0E300D26BE3 /* ViewController.swift */,
				70BB487329B9F0E300D26BE3 /* Main.storyboard */,
				70BB487629B9F0E900D26BE3 /* Assets.xcassets */,
				70BB487829B9F0E900D26BE3 /* LaunchScreen.storyboard */,
				70BB487B29B9F0E900D26BE3 /* Info.plist */,
			);
			path = InstagramClone;
			sourceTree = "<group>";
		};
		70BB488129BA003600D26BE3 /* Utils */ = {
			isa = PBXGroup;
			children = (
				705B3D0429BCB9B4005CFEC2 /* Extensions.swift */,
				705B3D0629BD064A005CFEC2 /* Constants.swift */,
			);
			path = Utils;
			sourceTree = "<group>";
		};
		70BB488229BA003900D26BE3 /* API */ = {
			isa = PBXGroup;
			children = (
			);
			path = API;
			sourceTree = "<group>";
		};
		70BB488329BA003B00D26BE3 /* Controller */ = {
			isa = PBXGroup;
			children = (
				705B3D0C29BF00B8005CFEC2 /* Authentication */,
				70BB488729BB2F0E00D26BE3 /* MainTabController.swift */,
				70BB488929BB309E00D26BE3 /* FeedController.swift */,
				70BB488B29BB30A900D26BE3 /* SearchController.swift */,
				70BB488D29BB30BB00D26BE3 /* ImageSelectorController.swift */,
				70BB488F29BB30C900D26BE3 /* NotificationController.swift */,
				70BB489129BB30D700D26BE3 /* ProfileController.swift */,
			);
			path = Controller;
			sourceTree = "<group>";
		};
		70BB488429BA003E00D26BE3 /* ViewModel */ = {
			isa = PBXGroup;
			children = (
			);
			path = ViewModel;
			sourceTree = "<group>";
		};
		70BB488529BA004000D26BE3 /* View */ = {
			isa = PBXGroup;
			children = (
				705B3D0229BCB871005CFEC2 /* FeedCell.swift */,
				705B3D1329BF143B005CFEC2 /* CustomTextField.swift */,
			);
			path = View;
			sourceTree = "<group>";
		};
		70BB488629BA004200D26BE3 /* Model */ = {
			isa = PBXGroup;
			children = (
			);
			path = Model;
			sourceTree = "<group>";
		};
/* End PBXGroup section */

/* Begin PBXNativeTarget section */
		70BB486929B9F0E300D26BE3 /* InstagramClone */ = {
			isa = PBXNativeTarget;
			buildConfigurationList = 70BB487E29B9F0E900D26BE3 /* Build configuration list for PBXNativeTarget "InstagramClone" */;
			buildPhases = (
				70BB486629B9F0E300D26BE3 /* Sources */,
				70BB486729B9F0E300D26BE3 /* Frameworks */,
				70BB486829B9F0E300D26BE3 /* Resources */,
			);
			buildRules = (
			);
			dependencies = (
			);
			name = InstagramClone;
			productName = InstagramClone;
			productReference = 70BB486A29B9F0E300D26BE3 /* InstagramClone.app */;
			productType = "com.apple.product-type.application";
		};
/* End PBXNativeTarget section */

/* Begin PBXProject section */
		70BB486229B9F0E300D26BE3 /* Project object */ = {
			isa = PBXProject;
			attributes = {
				BuildIndependentTargetsInParallel = 1;
				LastSwiftUpdateCheck = 1340;
				LastUpgradeCheck = 1340;
				TargetAttributes = {
					70BB486929B9F0E300D26BE3 = {
						CreatedOnToolsVersion = 13.4.1;
					};
				};
			};
			buildConfigurationList = 70BB486529B9F0E300D26BE3 /* Build configuration list for PBXProject "InstagramClone" */;
			compatibilityVersion = "Xcode 13.0";
			developmentRegion = en;
			hasScannedForEncodings = 0;
			knownRegions = (
				en,
				Base,
			);
			mainGroup = 70BB486129B9F0E300D26BE3;
			productRefGroup = 70BB486B29B9F0E300D26BE3 /* Products */;
			projectDirPath = "";
			projectRoot = "";
			targets = (
				70BB486929B9F0E300D26BE3 /* InstagramClone */,
			);
		};
/* End PBXProject section */

/* Begin PBXResourcesBuildPhase section */
		70BB486829B9F0E300D26BE3 /* Resources */ = {
			isa = PBXResourcesBuildPhase;
			buildActionMask = 2147483647;
			files = (
				70BB487A29B9F0E900D26BE3 /* LaunchScreen.storyboard in Resources */,
				70BB487729B9F0E900D26BE3 /* Assets.xcassets in Resources */,
				70BB487529B9F0E300D26BE3 /* Main.storyboard in Resources */,
			);
			runOnlyForDeploymentPostprocessing = 0;
		};
/* End PBXResourcesBuildPhase section */

/* Begin PBXSourcesBuildPhase section */
		70BB486629B9F0E300D26BE3 /* Sources */ = {
			isa = PBXSourcesBuildPhase;
			buildActionMask = 2147483647;
			files = (
				705B3D1029BF0112005CFEC2 /* RegistrationController.swift in Sources */,
				70BB487229B9F0E300D26BE3 /* ViewController.swift in Sources */,
				705B3D0329BCB871005CFEC2 /* FeedCell.swift in Sources */,
				70BB488E29BB30BB00D26BE3 /* ImageSelectorController.swift in Sources */,
				705B3D0E29BF0105005CFEC2 /* LoginController.swift in Sources */,
				70BB489029BB30C900D26BE3 /* NotificationController.swift in Sources */,
				70BB488C29BB30A900D26BE3 /* SearchController.swift in Sources */,
				70BB486E29B9F0E300D26BE3 /* AppDelegate.swift in Sources */,
				70BB489229BB30D700D26BE3 /* ProfileController.swift in Sources */,
				70BB488A29BB309E00D26BE3 /* FeedController.swift in Sources */,
				70BB488829BB2F0E00D26BE3 /* MainTabController.swift in Sources */,
				705B3D0529BCB9B4005CFEC2 /* Extensions.swift in Sources */,
				70BB487029B9F0E300D26BE3 /* SceneDelegate.swift in Sources */,
				705B3D0729BD064A005CFEC2 /* Constants.swift in Sources */,
				705B3D1429BF143B005CFEC2 /* CustomTextField.swift in Sources */,
			);
			runOnlyForDeploymentPostprocessing = 0;
		};
/* End PBXSourcesBuildPhase section */

/* Begin PBXVariantGroup section */
		70BB487329B9F0E300D26BE3 /* Main.storyboard */ = {
			isa = PBXVariantGroup;
			children = (
				70BB487429B9F0E300D26BE3 /* Base */,
			);
			name = Main.storyboard;
			sourceTree = "<group>";
		};
		70BB487829B9F0E900D26BE3 /* LaunchScreen.storyboard */ = {
			isa = PBXVariantGroup;
			children = (
				70BB487929B9F0E900D26BE3 /* Base */,
			);
			name = LaunchScreen.storyboard;
			sourceTree = "<group>";
		};
/* End PBXVariantGroup section */

/* Begin XCBuildConfiguration section */
		70BB487C29B9F0E900D26BE3 /* Debug */ = {
			isa = XCBuildConfiguration;
			buildSettings = {
				ALWAYS_SEARCH_USER_PATHS = NO;
				CLANG_ANALYZER_NONNULL = YES;
				CLANG_ANALYZER_NUMBER_OBJECT_CONVERSION = YES_AGGRESSIVE;
				CLANG_CXX_LANGUAGE_STANDARD = "gnu++17";
				CLANG_ENABLE_MODULES = YES;
				CLANG_ENABLE_OBJC_ARC = YES;
				CLANG_ENABLE_OBJC_WEAK = YES;
				CLANG_WARN_BLOCK_CAPTURE_AUTORELEASING = YES;
				CLANG_WARN_BOOL_CONVERSION = YES;
				CLANG_WARN_COMMA = YES;
				CLANG_WARN_CONSTANT_CONVERSION = YES;
				CLANG_WARN_DEPRECATED_OBJC_IMPLEMENTATIONS = YES;
				CLANG_WARN_DIRECT_OBJC_ISA_USAGE = YES_ERROR;
				CLANG_WARN_DOCUMENTATION_COMMENTS = YES;
				CLANG_WARN_EMPTY_BODY = YES;
				CLANG_WARN_ENUM_CONVERSION = YES;
				CLANG_WARN_INFINITE_RECURSION = YES;
				CLANG_WARN_INT_CONVERSION = YES;
				CLANG_WARN_NON_LITERAL_NULL_CONVERSION = YES;
				CLANG_WARN_OBJC_IMPLICIT_RETAIN_SELF = YES;
				CLANG_WARN_OBJC_LITERAL_CONVERSION = YES;
				CLANG_WARN_OBJC_ROOT_CLASS = YES_ERROR;
				CLANG_WARN_QUOTED_INCLUDE_IN_FRAMEWORK_HEADER = YES;
				CLANG_WARN_RANGE_LOOP_ANALYSIS = YES;
				CLANG_WARN_STRICT_PROTOTYPES = YES;
				CLANG_WARN_SUSPICIOUS_MOVE = YES;
				CLANG_WARN_UNGUARDED_AVAILABILITY = YES_AGGRESSIVE;
				CLANG_WARN_UNREACHABLE_CODE = YES;
				CLANG_WARN__DUPLICATE_METHOD_MATCH = YES;
				COPY_PHASE_STRIP = NO;
				DEBUG_INFORMATION_FORMAT = dwarf;
				ENABLE_STRICT_OBJC_MSGSEND = YES;
				ENABLE_TESTABILITY = YES;
				GCC_C_LANGUAGE_STANDARD = gnu11;
				GCC_DYNAMIC_NO_PIC = NO;
				GCC_NO_COMMON_BLOCKS = YES;
				GCC_OPTIMIZATION_LEVEL = 0;
				GCC_PREPROCESSOR_DEFINITIONS = (
					"DEBUG=1",
					"$(inherited)",
				);
				GCC_WARN_64_TO_32_BIT_CONVERSION = YES;
				GCC_WARN_ABOUT_RETURN_TYPE = YES_ERROR;
				GCC_WARN_UNDECLARED_SELECTOR = YES;
				GCC_WARN_UNINITIALIZED_AUTOS = YES_AGGRESSIVE;
				GCC_WARN_UNUSED_FUNCTION = YES;
				GCC_WARN_UNUSED_VARIABLE = YES;
				IPHONEOS_DEPLOYMENT_TARGET = 15.5;
				MTL_ENABLE_DEBUG_INFO = INCLUDE_SOURCE;
				MTL_FAST_MATH = YES;
				ONLY_ACTIVE_ARCH = YES;
				SDKROOT = iphoneos;
				SWIFT_ACTIVE_COMPILATION_CONDITIONS = DEBUG;
				SWIFT_OPTIMIZATION_LEVEL = "-Onone";
			};
			name = Debug;
		};
		70BB487D29B9F0E900D26BE3 /* Release */ = {
			isa = XCBuildConfiguration;
			buildSettings = {
				ALWAYS_SEARCH_USER_PATHS = NO;
				CLANG_ANALYZER_NONNULL = YES;
				CLANG_ANALYZER_NUMBER_OBJECT_CONVERSION = YES_AGGRESSIVE;
				CLANG_CXX_LANGUAGE_STANDARD = "gnu++17";
				CLANG_ENABLE_MODULES = YES;
				CLANG_ENABLE_OBJC_ARC = YES;
				CLANG_ENABLE_OBJC_WEAK = YES;
				CLANG_WARN_BLOCK_CAPTURE_AUTORELEASING = YES;
				CLANG_WARN_BOOL_CONVERSION = YES;
				CLANG_WARN_COMMA = YES;
				CLANG_WARN_CONSTANT_CONVERSION = YES;
				CLANG_WARN_DEPRECATED_OBJC_IMPLEMENTATIONS = YES;
				CLANG_WARN_DIRECT_OBJC_ISA_USAGE = YES_ERROR;
				CLANG_WARN_DOCUMENTATION_COMMENTS = YES;
				CLANG_WARN_EMPTY_BODY = YES;
				CLANG_WARN_ENUM_CONVERSION = YES;
				CLANG_WARN_INFINITE_RECURSION = YES;
				CLANG_WARN_INT_CONVERSION = YES;
				CLANG_WARN_NON_LITERAL_NULL_CONVERSION = YES;
				CLANG_WARN_OBJC_IMPLICIT_RETAIN_SELF = YES;
				CLANG_WARN_OBJC_LITERAL_CONVERSION = YES;
				CLANG_WARN_OBJC_ROOT_CLASS = YES_ERROR;
				CLANG_WARN_QUOTED_INCLUDE_IN_FRAMEWORK_HEADER = YES;
				CLANG_WARN_RANGE_LOOP_ANALYSIS = YES;
				CLANG_WARN_STRICT_PROTOTYPES = YES;
				CLANG_WARN_SUSPICIOUS_MOVE = YES;
				CLANG_WARN_UNGUARDED_AVAILABILITY = YES_AGGRESSIVE;
				CLANG_WARN_UNREACHABLE_CODE = YES;
				CLANG_WARN__DUPLICATE_METHOD_MATCH = YES;
				COPY_PHASE_STRIP = NO;
				DEBUG_INFORMATION_FORMAT = "dwarf-with-dsym";
				ENABLE_NS_ASSERTIONS = NO;
				ENABLE_STRICT_OBJC_MSGSEND = YES;
				GCC_C_LANGUAGE_STANDARD = gnu11;
				GCC_NO_COMMON_BLOCKS = YES;
				GCC_WARN_64_TO_32_BIT_CONVERSION = YES;
				GCC_WARN_ABOUT_RETURN_TYPE = YES_ERROR;
				GCC_WARN_UNDECLARED_SELECTOR = YES;
				GCC_WARN_UNINITIALIZED_AUTOS = YES_AGGRESSIVE;
				GCC_WARN_UNUSED_FUNCTION = YES;
				GCC_WARN_UNUSED_VARIABLE = YES;
				IPHONEOS_DEPLOYMENT_TARGET = 15.5;
				MTL_ENABLE_DEBUG_INFO = NO;
				MTL_FAST_MATH = YES;
				SDKROOT = iphoneos;
				SWIFT_COMPILATION_MODE = wholemodule;
				SWIFT_OPTIMIZATION_LEVEL = "-O";
				VALIDATE_PRODUCT = YES;
			};
			name = Release;
		};
		70BB487F29B9F0E900D26BE3 /* Debug */ = {
			isa = XCBuildConfiguration;
			buildSettings = {
				ASSETCATALOG_COMPILER_APPICON_NAME = AppIcon;
				ASSETCATALOG_COMPILER_GLOBAL_ACCENT_COLOR_NAME = AccentColor;
				CODE_SIGN_STYLE = Automatic;
				CURRENT_PROJECT_VERSION = 1;
				DEVELOPMENT_TEAM = UA5J3LA7RU;
				GENERATE_INFOPLIST_FILE = YES;
				INFOPLIST_FILE = InstagramClone/Info.plist;
				INFOPLIST_KEY_UIApplicationSupportsIndirectInputEvents = YES;
				INFOPLIST_KEY_UILaunchStoryboardName = LaunchScreen;
				INFOPLIST_KEY_UIMainStoryboardFile = Main;
				INFOPLIST_KEY_UISupportedInterfaceOrientations = UIInterfaceOrientationPortrait;
				INFOPLIST_KEY_UISupportedInterfaceOrientations_iPad = "UIInterfaceOrientationPortrait UIInterfaceOrientationPortraitUpsideDown UIInterfaceOrientationLandscapeLeft UIInterfaceOrientationLandscapeRight";
				INFOPLIST_KEY_UISupportedInterfaceOrientations_iPhone = "UIInterfaceOrientationPortrait UIInterfaceOrientationLandscapeLeft UIInterfaceOrientationLandscapeRight";
				IPHONEOS_DEPLOYMENT_TARGET = 13.0;
				LD_RUNPATH_SEARCH_PATHS = (
					"$(inherited)",
					"@executable_path/Frameworks",
				);
				MARKETING_VERSION = 1.0;
				PRODUCT_BUNDLE_IDENTIFIER = com.ibrahimuysal.InstagramClone;
				PRODUCT_NAME = "$(TARGET_NAME)";
				SWIFT_EMIT_LOC_STRINGS = YES;
				SWIFT_VERSION = 5.0;
				TARGETED_DEVICE_FAMILY = "1,2";
			};
			name = Debug;
		};
		70BB488029B9F0E900D26BE3 /* Release */ = {
			isa = XCBuildConfiguration;
			buildSettings = {
				ASSETCATALOG_COMPILER_APPICON_NAME = AppIcon;
				ASSETCATALOG_COMPILER_GLOBAL_ACCENT_COLOR_NAME = AccentColor;
				CODE_SIGN_STYLE = Automatic;
				CURRENT_PROJECT_VERSION = 1;
				DEVELOPMENT_TEAM = UA5J3LA7RU;
				GENERATE_INFOPLIST_FILE = YES;
				INFOPLIST_FILE = InstagramClone/Info.plist;
				INFOPLIST_KEY_UIApplicationSupportsIndirectInputEvents = YES;
				INFOPLIST_KEY_UILaunchStoryboardName = LaunchScreen;
				INFOPLIST_KEY_UIMainStoryboardFile = Main;
				INFOPLIST_KEY_UISupportedInterfaceOrientations = UIInterfaceOrientationPortrait;
				INFOPLIST_KEY_UISupportedInterfaceOrientations_iPad = "UIInterfaceOrientationPortrait UIInterfaceOrientationPortraitUpsideDown UIInterfaceOrientationLandscapeLeft UIInterfaceOrientationLandscapeRight";
				INFOPLIST_KEY_UISupportedInterfaceOrientations_iPhone = "UIInterfaceOrientationPortrait UIInterfaceOrientationLandscapeLeft UIInterfaceOrientationLandscapeRight";
				IPHONEOS_DEPLOYMENT_TARGET = 13.0;
				LD_RUNPATH_SEARCH_PATHS = (
					"$(inherited)",
					"@executable_path/Frameworks",
				);
				MARKETING_VERSION = 1.0;
				PRODUCT_BUNDLE_IDENTIFIER = com.ibrahimuysal.InstagramClone;
				PRODUCT_NAME = "$(TARGET_NAME)";
				SWIFT_EMIT_LOC_STRINGS = YES;
				SWIFT_VERSION = 5.0;
				TARGETED_DEVICE_FAMILY = "1,2";
			};
			name = Release;
		};
/* End XCBuildConfiguration section */

/* Begin XCConfigurationList section */
		70BB486529B9F0E300D26BE3 /* Build configuration list for PBXProject "InstagramClone" */ = {
			isa = XCConfigurationList;
			buildConfigurations = (
				70BB487C29B9F0E900D26BE3 /* Debug */,
				70BB487D29B9F0E900D26BE3 /* Release */,
			);
			defaultConfigurationIsVisible = 0;
			defaultConfigurationName = Release;
		};
		70BB487E29B9F0E900D26BE3 /* Build configuration list for PBXNativeTarget "InstagramClone" */ = {
			isa = XCConfigurationList;
			buildConfigurations = (
				70BB487F29B9F0E900D26BE3 /* Debug */,
				70BB488029B9F0E900D26BE3 /* Release */,
			);
			defaultConfigurationIsVisible = 0;
			defaultConfigurationName = Release;
		};
/* End XCConfigurationList section */
	};
	rootObject = 70BB486229B9F0E300D26BE3 /* Project object */;
}
